
Microsoft Visual Studio Solution File, Format Version 12.00
# Visual Studio Version 17
VisualStudioVersion = 17.7.34202.233
MinimumVisualStudioVersion = 10.0.40219.1
Project("{FAE04EC0-301F-11D3-BF4B-00C04F79EFBC}") = "4-Ciclos", "4-Ciclos.csproj", "{BE25B3BE-227B-44CB-AF32-045C8EBCDB4F}"
EndProject
Global
	GlobalSection(SolutionConfigurationPlatforms) = preSolution
		Debug|Any CPU = Debug|Any CPU
		Release|Any CPU = Release|Any CPU
	EndGlobalSection
	GlobalSection(ProjectConfigurationPlatforms) = postSolution
		{BE25B3BE-227B-44CB-AF32-045C8EBCDB4F}.Debug|Any CPU.ActiveCfg = Debug|Any CPU
		{BE25B3BE-227B-44CB-AF32-045C8EBCDB4F}.Debug|Any CPU.Build.0 = Debug|Any CPU
		{BE25B3BE-227B-44CB-AF32-045C8EBCDB4F}.Release|Any CPU.ActiveCfg = Release|Any CPU
		{BE25B3BE-227B-44CB-AF32-045C8EBCDB4F}.Release|Any CPU.Build.0 = Release|Any CPU
	EndGlobalSection
	GlobalSection(SolutionProperties) = preSolution
		HideSolutionNode = FALSE
	EndGlobalSection
	GlobalSection(ExtensibilityGlobals) = postSolution
		SolutionGuid = {3D2EC46E-7A52-4585-A4B3-3933E9E38F91}
	EndGlobalSection
EndGlobal
